
Microsoft Visual Studio Solution File, Format Version 12.00
# Visual Studio Version 17
VisualStudioVersion = 17.6.33723.286
MinimumVisualStudioVersion = 10.0.40219.1
Project("{FAE04EC0-301F-11D3-BF4B-00C04F79EFBC}") = "Login Form", "Login Form.csproj", "{6476D217-59DD-409C-ACFA-45A396910CCE}"
EndProject
Global
	GlobalSection(SolutionConfigurationPlatforms) = preSolution
		Debug|Any CPU = Debug|Any CPU
		Release|Any CPU = Release|Any CPU
	EndGlobalSection
	GlobalSection(ProjectConfigurationPlatforms) = postSolution
		{6476D217-59DD-409C-ACFA-45A396910CCE}.Debug|Any CPU.ActiveCfg = Debug|Any CPU
		{6476D217-59DD-409C-ACFA-45A396910CCE}.Debug|Any CPU.Build.0 = Debug|Any CPU
		{6476D217-59DD-409C-ACFA-45A396910CCE}.Release|Any CPU.ActiveCfg = Release|Any CPU
		{6476D217-59DD-409C-ACFA-45A396910CCE}.Release|Any CPU.Build.0 = Release|Any CPU
	EndGlobalSection
	GlobalSection(SolutionProperties) = preSolution
		HideSolutionNode = FALSE
	EndGlobalSection
	GlobalSection(ExtensibilityGlobals) = postSolution
		SolutionGuid = {9A65F396-B84A-4C96-B87E-3CDA4D2DFBA1}
	EndGlobalSection
EndGlobal
