
Microsoft Visual Studio Solution File, Format Version 12.00
# Visual Studio 15
VisualStudioVersion = 15.0.34112.143
MinimumVisualStudioVersion = 10.0.40219.1
Project("{E24C65DC-7377-472B-9ABA-BC803B73C61A}") = "MasterPageCreation", "MasterPageCreation\", "{65C41595-FFA1-4DD4-A8A4-DDBE0B0CF5EC}"
	ProjectSection(WebsiteProperties) = preProject
		TargetFrameworkMoniker = ".NETFramework,Version%3Dv4.6.1"
		Debug.AspNetCompiler.VirtualPath = "/localhost_55752"
		Debug.AspNetCompiler.PhysicalPath = "MasterPageCreation\"
		Debug.AspNetCompiler.TargetPath = "PrecompiledWeb\localhost_55752\"
		Debug.AspNetCompiler.Updateable = "true"
		Debug.AspNetCompiler.ForceOverwrite = "true"
		Debug.AspNetCompiler.FixedNames = "false"
		Debug.AspNetCompiler.Debug = "True"
		Release.AspNetCompiler.VirtualPath = "/localhost_55752"
		Release.AspNetCompiler.PhysicalPath = "MasterPageCreation\"
		Release.AspNetCompiler.TargetPath = "PrecompiledWeb\localhost_55752\"
		Release.AspNetCompiler.Updateable = "true"
		Release.AspNetCompiler.ForceOverwrite = "true"
		Release.AspNetCompiler.FixedNames = "false"
		Release.AspNetCompiler.Debug = "False"
		VWDPort = "55752"
		SlnRelativePath = "MasterPageCreation\"
		DefaultWebSiteLanguage = "Visual C#"
	EndProjectSection
EndProject
Global
	GlobalSection(SolutionConfigurationPlatforms) = preSolution
		Debug|Any CPU = Debug|Any CPU
	EndGlobalSection
	GlobalSection(ProjectConfigurationPlatforms) = postSolution
		{65C41595-FFA1-4DD4-A8A4-DDBE0B0CF5EC}.Debug|Any CPU.ActiveCfg = Debug|Any CPU
		{65C41595-FFA1-4DD4-A8A4-DDBE0B0CF5EC}.Debug|Any CPU.Build.0 = Debug|Any CPU
	EndGlobalSection
	GlobalSection(SolutionProperties) = preSolution
		HideSolutionNode = FALSE
	EndGlobalSection
	GlobalSection(ExtensibilityGlobals) = postSolution
		SolutionGuid = {67D488D1-0DA8-442A-863B-491B4F41D288}
	EndGlobalSection
EndGlobal
