
Microsoft Visual Studio Solution File, Format Version 12.00
# Visual Studio Version 17
VisualStudioVersion = 17.6.33723.286
MinimumVisualStudioVersion = 10.0.40219.1
Project("{FAE04EC0-301F-11D3-BF4B-00C04F79EFBC}") = "AreaOfRectangeAndSquare", "AreaOfRectangeAndSquare.csproj", "{2EE302C9-5675-472C-86FC-ABF6E16C3523}"
EndProject
Global
	GlobalSection(SolutionConfigurationPlatforms) = preSolution
		Debug|Any CPU = Debug|Any CPU
		Release|Any CPU = Release|Any CPU
	EndGlobalSection
	GlobalSection(ProjectConfigurationPlatforms) = postSolution
		{2EE302C9-5675-472C-86FC-ABF6E16C3523}.Debug|Any CPU.ActiveCfg = Debug|Any CPU
		{2EE302C9-5675-472C-86FC-ABF6E16C3523}.Debug|Any CPU.Build.0 = Debug|Any CPU
		{2EE302C9-5675-472C-86FC-ABF6E16C3523}.Release|Any CPU.ActiveCfg = Release|Any CPU
		{2EE302C9-5675-472C-86FC-ABF6E16C3523}.Release|Any CPU.Build.0 = Release|Any CPU
	EndGlobalSection
	GlobalSection(SolutionProperties) = preSolution
		HideSolutionNode = FALSE
	EndGlobalSection
	GlobalSection(ExtensibilityGlobals) = postSolution
		SolutionGuid = {6C768EAA-2CC8-4DAB-90EC-0DA13179C4BA}
	EndGlobalSection
EndGlobal
