
Microsoft Visual Studio Solution File, Format Version 12.00
# Visual Studio Version 17
VisualStudioVersion = 17.6.33723.286
MinimumVisualStudioVersion = 10.0.40219.1
Project("{FAE04EC0-301F-11D3-BF4B-00C04F79EFBC}") = "CalenderMonth", "CalenderMonth.csproj", "{9AD53449-AA8B-47DC-9940-E4084A1BA874}"
EndProject
Global
	GlobalSection(SolutionConfigurationPlatforms) = preSolution
		Debug|Any CPU = Debug|Any CPU
		Release|Any CPU = Release|Any CPU
	EndGlobalSection
	GlobalSection(ProjectConfigurationPlatforms) = postSolution
		{9AD53449-AA8B-47DC-9940-E4084A1BA874}.Debug|Any CPU.ActiveCfg = Debug|Any CPU
		{9AD53449-AA8B-47DC-9940-E4084A1BA874}.Debug|Any CPU.Build.0 = Debug|Any CPU
		{9AD53449-AA8B-47DC-9940-E4084A1BA874}.Release|Any CPU.ActiveCfg = Release|Any CPU
		{9AD53449-AA8B-47DC-9940-E4084A1BA874}.Release|Any CPU.Build.0 = Release|Any CPU
	EndGlobalSection
	GlobalSection(SolutionProperties) = preSolution
		HideSolutionNode = FALSE
	EndGlobalSection
	GlobalSection(ExtensibilityGlobals) = postSolution
		SolutionGuid = {17A52318-2870-4690-95CF-2CC0C3788C35}
	EndGlobalSection
EndGlobal
