
Microsoft Visual Studio Solution File, Format Version 12.00
# Visual Studio Version 17
VisualStudioVersion = 17.6.33723.286
MinimumVisualStudioVersion = 10.0.40219.1
Project("{FAE04EC0-301F-11D3-BF4B-00C04F79EFBC}") = "Registration Form", "Registration Form.csproj", "{5258F608-9641-4151-941E-821560AB4F47}"
EndProject
Global
	GlobalSection(SolutionConfigurationPlatforms) = preSolution
		Debug|Any CPU = Debug|Any CPU
		Release|Any CPU = Release|Any CPU
	EndGlobalSection
	GlobalSection(ProjectConfigurationPlatforms) = postSolution
		{5258F608-9641-4151-941E-821560AB4F47}.Debug|Any CPU.ActiveCfg = Debug|Any CPU
		{5258F608-9641-4151-941E-821560AB4F47}.Debug|Any CPU.Build.0 = Debug|Any CPU
		{5258F608-9641-4151-941E-821560AB4F47}.Release|Any CPU.ActiveCfg = Release|Any CPU
		{5258F608-9641-4151-941E-821560AB4F47}.Release|Any CPU.Build.0 = Release|Any CPU
	EndGlobalSection
	GlobalSection(SolutionProperties) = preSolution
		HideSolutionNode = FALSE
	EndGlobalSection
	GlobalSection(ExtensibilityGlobals) = postSolution
		SolutionGuid = {3E67235C-D75A-430B-AABF-42F94230C8FB}
	EndGlobalSection
EndGlobal
